
Microsoft Visual Studio Solution File, Format Version 12.00
# Visual Studio 15
VisualStudioVersion = 15.0.28307.1321
MinimumVisualStudioVersion = 10.0.40219.1
Project("{FAE04EC0-301F-11D3-BF4B-00C04F79EFBC}") = "FigureWeb", "FigureWeb\FigureWeb.csproj", "{2B0FA99A-11BB-445A-ACBE-24D9DDE5CF71}"
EndProject
Project("{FAE04EC0-301F-11D3-BF4B-00C04F79EFBC}") = "FigureTest", "FigureTest\FigureTest.csproj", "{822CFFD3-2F15-41DF-A7C6-79FD04773887}"
EndProject
Project("{FAE04EC0-301F-11D3-BF4B-00C04F79EFBC}") = "FigureBLL", "FigureBLL\FigureBLL.csproj", "{BC0B0872-1205-460F-9503-3041D2FB100E}"
EndProject
Global
	GlobalSection(SolutionConfigurationPlatforms) = preSolution
		Debug|Any CPU = Debug|Any CPU
		Release|Any CPU = Release|Any CPU
	EndGlobalSection
	GlobalSection(ProjectConfigurationPlatforms) = postSolution
		{2B0FA99A-11BB-445A-ACBE-24D9DDE5CF71}.Debug|Any CPU.ActiveCfg = Debug|Any CPU
		{2B0FA99A-11BB-445A-ACBE-24D9DDE5CF71}.Debug|Any CPU.Build.0 = Debug|Any CPU
		{2B0FA99A-11BB-445A-ACBE-24D9DDE5CF71}.Release|Any CPU.ActiveCfg = Release|Any CPU
		{2B0FA99A-11BB-445A-ACBE-24D9DDE5CF71}.Release|Any CPU.Build.0 = Release|Any CPU
		{822CFFD3-2F15-41DF-A7C6-79FD04773887}.Debug|Any CPU.ActiveCfg = Debug|Any CPU
		{822CFFD3-2F15-41DF-A7C6-79FD04773887}.Debug|Any CPU.Build.0 = Debug|Any CPU
		{822CFFD3-2F15-41DF-A7C6-79FD04773887}.Release|Any CPU.ActiveCfg = Release|Any CPU
		{822CFFD3-2F15-41DF-A7C6-79FD04773887}.Release|Any CPU.Build.0 = Release|Any CPU
		{BC0B0872-1205-460F-9503-3041D2FB100E}.Debug|Any CPU.ActiveCfg = Debug|Any CPU
		{BC0B0872-1205-460F-9503-3041D2FB100E}.Debug|Any CPU.Build.0 = Debug|Any CPU
		{BC0B0872-1205-460F-9503-3041D2FB100E}.Release|Any CPU.ActiveCfg = Release|Any CPU
		{BC0B0872-1205-460F-9503-3041D2FB100E}.Release|Any CPU.Build.0 = Release|Any CPU
	EndGlobalSection
	GlobalSection(SolutionProperties) = preSolution
		HideSolutionNode = FALSE
	EndGlobalSection
	GlobalSection(ExtensibilityGlobals) = postSolution
		SolutionGuid = {DAB8BE11-0733-45A2-8D7D-887ACAD9BA73}
	EndGlobalSection
EndGlobal
